// !$*UTF8*$!
{
	archiveVersion = 1;
	classes = {
	};
	objectVersion = 50;
	objects = {

/* Begin PBXBuildFile section */
		1E05B5FC27E5A902002823B4 /* AppDelegate.swift in Sources */ = {isa = PBXBuildFile; fileRef = 1E05B5FB27E5A902002823B4 /* AppDelegate.swift */; };
		1E05B5FE27E5A902002823B4 /* SceneDelegate.swift in Sources */ = {isa = PBXBuildFile; fileRef = 1E05B5FD27E5A902002823B4 /* SceneDelegate.swift */; };
		1E05B60027E5A902002823B4 /* ViewController.swift in Sources */ = {isa = PBXBuildFile; fileRef = 1E05B5FF27E5A902002823B4 /* ViewController.swift */; };
		1E05B60327E5A902002823B4 /* Main.storyboard in Resources */ = {isa = PBXBuildFile; fileRef = 1E05B60127E5A902002823B4 /* Main.storyboard */; };
		1E05B60527E5A903002823B4 /* Assets.xcassets in Resources */ = {isa = PBXBuildFile; fileRef = 1E05B60427E5A903002823B4 /* Assets.xcassets */; };
		1E05B60827E5A903002823B4 /* LaunchScreen.storyboard in Resources */ = {isa = PBXBuildFile; fileRef = 1E05B60627E5A903002823B4 /* LaunchScreen.storyboard */; };
		1E05B61327E5A904002823B4 /* Code_ChallengesTests.swift in Sources */ = {isa = PBXBuildFile; fileRef = 1E05B61227E5A904002823B4 /* Code_ChallengesTests.swift */; };
		1E05B61E27E5A904002823B4 /* Code_ChallengesUITests.swift in Sources */ = {isa = PBXBuildFile; fileRef = 1E05B61D27E5A904002823B4 /* Code_ChallengesUITests.swift */; };
		1E05B63327E5A956002823B4 /* Sock Merchant.swift in Sources */ = {isa = PBXBuildFile; fileRef = 1E05B63227E5A956002823B4 /* Sock Merchant.swift */; };
		1E05B63F27E5AA57002823B4 /* SockMerchantTests.swift in Sources */ = {isa = PBXBuildFile; fileRef = 1E05B63E27E5AA57002823B4 /* SockMerchantTests.swift */; };
		1E05B64E27E5AFAD002823B4 /* Counting Valleys.swift in Sources */ = {isa = PBXBuildFile; fileRef = 1E05B64D27E5AFAD002823B4 /* Counting Valleys.swift */; };
		1E05B65A27E5B630002823B4 /* CountingValleysTests.swift in Sources */ = {isa = PBXBuildFile; fileRef = 1E05B65927E5B630002823B4 /* CountingValleysTests.swift */; };
		1E05B66227E5B788002823B4 /* Jumping On Clouds.swift in Sources */ = {isa = PBXBuildFile; fileRef = 1E05B66127E5B788002823B4 /* Jumping On Clouds.swift */; };
		1E05B67127E5C491002823B4 /* JumpingOnCloudsTests.swift in Sources */ = {isa = PBXBuildFile; fileRef = 1E05B67027E5C491002823B4 /* JumpingOnCloudsTests.swift */; };
/* End PBXBuildFile section */

/* Begin PBXContainerItemProxy section */
		1E05B60F27E5A904002823B4 /* PBXContainerItemProxy */ = {
			isa = PBXContainerItemProxy;
			containerPortal = 1E05B5F027E5A902002823B4 /* Project object */;
			proxyType = 1;
			remoteGlobalIDString = 1E05B5F727E5A902002823B4;
			remoteInfo = "Code Challenges";
		};
		1E05B61A27E5A904002823B4 /* PBXContainerItemProxy */ = {
			isa = PBXContainerItemProxy;
			containerPortal = 1E05B5F027E5A902002823B4 /* Project object */;
			proxyType = 1;
			remoteGlobalIDString = 1E05B5F727E5A902002823B4;
			remoteInfo = "Code Challenges";
		};
/* End PBXContainerItemProxy section */

/* Begin PBXFileReference section */
		1E05B5F827E5A902002823B4 /* Code Challenges.app */ = {isa = PBXFileReference; explicitFileType = wrapper.application; includeInIndex = 0; path = "Code Challenges.app"; sourceTree = BUILT_PRODUCTS_DIR; };
		1E05B5FB27E5A902002823B4 /* AppDelegate.swift */ = {isa = PBXFileReference; lastKnownFileType = sourcecode.swift; path = AppDelegate.swift; sourceTree = "<group>"; };
		1E05B5FD27E5A902002823B4 /* SceneDelegate.swift */ = {isa = PBXFileReference; lastKnownFileType = sourcecode.swift; path = SceneDelegate.swift; sourceTree = "<group>"; };
		1E05B5FF27E5A902002823B4 /* ViewController.swift */ = {isa = PBXFileReference; lastKnownFileType = sourcecode.swift; path = ViewController.swift; sourceTree = "<group>"; };
		1E05B60227E5A902002823B4 /* Base */ = {isa = PBXFileReference; lastKnownFileType = file.storyboard; name = Base; path = Base.lproj/Main.storyboard; sourceTree = "<group>"; };
		1E05B60427E5A903002823B4 /* Assets.xcassets */ = {isa = PBXFileReference; lastKnownFileType = folder.assetcatalog; path = Assets.xcassets; sourceTree = "<group>"; };
		1E05B60727E5A903002823B4 /* Base */ = {isa = PBXFileReference; lastKnownFileType = file.storyboard; name = Base; path = Base.lproj/LaunchScreen.storyboard; sourceTree = "<group>"; };
		1E05B60927E5A903002823B4 /* Info.plist */ = {isa = PBXFileReference; lastKnownFileType = text.plist.xml; path = Info.plist; sourceTree = "<group>"; };
		1E05B60E27E5A904002823B4 /* Code ChallengesTests.xctest */ = {isa = PBXFileReference; explicitFileType = wrapper.cfbundle; includeInIndex = 0; path = "Code ChallengesTests.xctest"; sourceTree = BUILT_PRODUCTS_DIR; };
		1E05B61227E5A904002823B4 /* Code_ChallengesTests.swift */ = {isa = PBXFileReference; lastKnownFileType = sourcecode.swift; path = Code_ChallengesTests.swift; sourceTree = "<group>"; };
		1E05B61427E5A904002823B4 /* Info.plist */ = {isa = PBXFileReference; lastKnownFileType = text.plist.xml; path = Info.plist; sourceTree = "<group>"; };
		1E05B61927E5A904002823B4 /* Code ChallengesUITests.xctest */ = {isa = PBXFileReference; explicitFileType = wrapper.cfbundle; includeInIndex = 0; path = "Code ChallengesUITests.xctest"; sourceTree = BUILT_PRODUCTS_DIR; };
		1E05B61D27E5A904002823B4 /* Code_ChallengesUITests.swift */ = {isa = PBXFileReference; lastKnownFileType = sourcecode.swift; path = Code_ChallengesUITests.swift; sourceTree = "<group>"; };
		1E05B61F27E5A904002823B4 /* Info.plist */ = {isa = PBXFileReference; lastKnownFileType = text.plist.xml; path = Info.plist; sourceTree = "<group>"; };
		1E05B63227E5A956002823B4 /* Sock Merchant.swift */ = {isa = PBXFileReference; lastKnownFileType = sourcecode.swift; path = "Sock Merchant.swift"; sourceTree = "<group>"; };
		1E05B63A27E5A979002823B4 /* Sock Merchant.playground */ = {isa = PBXFileReference; lastKnownFileType = file.playground; path = "Sock Merchant.playground"; sourceTree = "<group>"; xcLanguageSpecificationIdentifier = xcode.lang.swift; };
		1E05B63E27E5AA57002823B4 /* SockMerchantTests.swift */ = {isa = PBXFileReference; lastKnownFileType = sourcecode.swift; path = SockMerchantTests.swift; sourceTree = "<group>"; };
		1E05B64D27E5AFAD002823B4 /* Counting Valleys.swift */ = {isa = PBXFileReference; lastKnownFileType = sourcecode.swift; path = "Counting Valleys.swift"; sourceTree = "<group>"; };
		1E05B65527E5B10D002823B4 /* Counting Valleys.playground */ = {isa = PBXFileReference; lastKnownFileType = file.playground; path = "Counting Valleys.playground"; sourceTree = "<group>"; xcLanguageSpecificationIdentifier = xcode.lang.swift; };
		1E05B65927E5B630002823B4 /* CountingValleysTests.swift */ = {isa = PBXFileReference; lastKnownFileType = sourcecode.swift; path = CountingValleysTests.swift; sourceTree = "<group>"; };
		1E05B66127E5B788002823B4 /* Jumping On Clouds.swift */ = {isa = PBXFileReference; lastKnownFileType = sourcecode.swift; path = "Jumping On Clouds.swift"; sourceTree = "<group>"; };
		1E05B66927E5B7AB002823B4 /* Jumping On Clouds.playground */ = {isa = PBXFileReference; lastKnownFileType = file.playground; path = "Jumping On Clouds.playground"; sourceTree = "<group>"; xcLanguageSpecificationIdentifier = xcode.lang.swift; };
		1E05B67027E5C491002823B4 /* JumpingOnCloudsTests.swift */ = {isa = PBXFileReference; lastKnownFileType = sourcecode.swift; path = JumpingOnCloudsTests.swift; sourceTree = "<group>"; };
/* End PBXFileReference section */

/* Begin PBXFrameworksBuildPhase section */
		1E05B5F527E5A902002823B4 /* Frameworks */ = {
			isa = PBXFrameworksBuildPhase;
			buildActionMask = 2147483647;
			files = (
			);
			runOnlyForDeploymentPostprocessing = 0;
		};
		1E05B60B27E5A904002823B4 /* Frameworks */ = {
			isa = PBXFrameworksBuildPhase;
			buildActionMask = 2147483647;
			files = (
			);
			runOnlyForDeploymentPostprocessing = 0;
		};
		1E05B61627E5A904002823B4 /* Frameworks */ = {
			isa = PBXFrameworksBuildPhase;
			buildActionMask = 2147483647;
			files = (
			);
			runOnlyForDeploymentPostprocessing = 0;
		};
/* End PBXFrameworksBuildPhase section */

/* Begin PBXGroup section */
		1E05B5EF27E5A902002823B4 = {
			isa = PBXGroup;
			children = (
				1E05B5FA27E5A902002823B4 /* Code Challenges */,
				1E05B61127E5A904002823B4 /* Code ChallengesTests */,
				1E05B61C27E5A904002823B4 /* Code ChallengesUITests */,
				1E05B5F927E5A902002823B4 /* Products */,
			);
			sourceTree = "<group>";
		};
		1E05B5F927E5A902002823B4 /* Products */ = {
			isa = PBXGroup;
			children = (
				1E05B5F827E5A902002823B4 /* Code Challenges.app */,
				1E05B60E27E5A904002823B4 /* Code ChallengesTests.xctest */,
				1E05B61927E5A904002823B4 /* Code ChallengesUITests.xctest */,
			);
			name = Products;
			sourceTree = "<group>";
		};
		1E05B5FA27E5A902002823B4 /* Code Challenges */ = {
			isa = PBXGroup;
			children = (
				1E05B60927E5A903002823B4 /* Info.plist */,
				1E05B5FB27E5A902002823B4 /* AppDelegate.swift */,
				1E05B5FD27E5A902002823B4 /* SceneDelegate.swift */,
				1E05B63127E5A933002823B4 /* Hacker Rank */,
				1E05B63027E5A929002823B4 /* Assets */,
				1E05B62F27E5A917002823B4 /* Storyboards */,
				1E05B62E27E5A90F002823B4 /* Controllers */,
			);
			path = "Code Challenges";
			sourceTree = "<group>";
		};
		1E05B61127E5A904002823B4 /* Code ChallengesTests */ = {
			isa = PBXGroup;
			children = (
				1E05B61227E5A904002823B4 /* Code_ChallengesTests.swift */,
				1E05B63E27E5AA57002823B4 /* SockMerchantTests.swift */,
				1E05B65927E5B630002823B4 /* CountingValleysTests.swift */,
				1E05B67027E5C491002823B4 /* JumpingOnCloudsTests.swift */,
				1E05B61427E5A904002823B4 /* Info.plist */,
			);
			path = "Code ChallengesTests";
			sourceTree = "<group>";
		};
		1E05B61C27E5A904002823B4 /* Code ChallengesUITests */ = {
			isa = PBXGroup;
			children = (
				1E05B61D27E5A904002823B4 /* Code_ChallengesUITests.swift */,
				1E05B61F27E5A904002823B4 /* Info.plist */,
			);
			path = "Code ChallengesUITests";
			sourceTree = "<group>";
		};
		1E05B62E27E5A90F002823B4 /* Controllers */ = {
			isa = PBXGroup;
			children = (
				1E05B5FF27E5A902002823B4 /* ViewController.swift */,
			);
			path = Controllers;
			sourceTree = "<group>";
		};
		1E05B62F27E5A917002823B4 /* Storyboards */ = {
			isa = PBXGroup;
			children = (
				1E05B60127E5A902002823B4 /* Main.storyboard */,
				1E05B60627E5A903002823B4 /* LaunchScreen.storyboard */,
			);
			path = Storyboards;
			sourceTree = "<group>";
		};
		1E05B63027E5A929002823B4 /* Assets */ = {
			isa = PBXGroup;
			children = (
				1E05B60427E5A903002823B4 /* Assets.xcassets */,
			);
			path = Assets;
			sourceTree = "<group>";
		};
		1E05B63127E5A933002823B4 /* Hacker Rank */ = {
			isa = PBXGroup;
			children = (
				1E05B63227E5A956002823B4 /* Sock Merchant.swift */,
				1E05B63A27E5A979002823B4 /* Sock Merchant.playground */,
				1E05B64D27E5AFAD002823B4 /* Counting Valleys.swift */,
				1E05B65527E5B10D002823B4 /* Counting Valleys.playground */,
				1E05B66127E5B788002823B4 /* Jumping On Clouds.swift */,
				1E05B66927E5B7AB002823B4 /* Jumping On Clouds.playground */,
			);
			path = "Hacker Rank";
			sourceTree = "<group>";
		};
/* End PBXGroup section */

/* Begin PBXNativeTarget section */
		1E05B5F727E5A902002823B4 /* Code Challenges */ = {
			isa = PBXNativeTarget;
			buildConfigurationList = 1E05B62227E5A904002823B4 /* Build configuration list for PBXNativeTarget "Code Challenges" */;
			buildPhases = (
				1E05B5F427E5A902002823B4 /* Sources */,
				1E05B5F527E5A902002823B4 /* Frameworks */,
				1E05B5F627E5A902002823B4 /* Resources */,
			);
			buildRules = (
			);
			dependencies = (
			);
			name = "Code Challenges";
			productName = "Code Challenges";
			productReference = 1E05B5F827E5A902002823B4 /* Code Challenges.app */;
			productType = "com.apple.product-type.application";
		};
		1E05B60D27E5A904002823B4 /* Code ChallengesTests */ = {
			isa = PBXNativeTarget;
			buildConfigurationList = 1E05B62527E5A904002823B4 /* Build configuration list for PBXNativeTarget "Code ChallengesTests" */;
			buildPhases = (
				1E05B60A27E5A904002823B4 /* Sources */,
				1E05B60B27E5A904002823B4 /* Frameworks */,
				1E05B60C27E5A904002823B4 /* Resources */,
			);
			buildRules = (
			);
			dependencies = (
				1E05B61027E5A904002823B4 /* PBXTargetDependency */,
			);
			name = "Code ChallengesTests";
			productName = "Code ChallengesTests";
			productReference = 1E05B60E27E5A904002823B4 /* Code ChallengesTests.xctest */;
			productType = "com.apple.product-type.bundle.unit-test";
		};
		1E05B61827E5A904002823B4 /* Code ChallengesUITests */ = {
			isa = PBXNativeTarget;
			buildConfigurationList = 1E05B62827E5A904002823B4 /* Build configuration list for PBXNativeTarget "Code ChallengesUITests" */;
			buildPhases = (
				1E05B61527E5A904002823B4 /* Sources */,
				1E05B61627E5A904002823B4 /* Frameworks */,
				1E05B61727E5A904002823B4 /* Resources */,
			);
			buildRules = (
			);
			dependencies = (
				1E05B61B27E5A904002823B4 /* PBXTargetDependency */,
			);
			name = "Code ChallengesUITests";
			productName = "Code ChallengesUITests";
			productReference = 1E05B61927E5A904002823B4 /* Code ChallengesUITests.xctest */;
			productType = "com.apple.product-type.bundle.ui-testing";
		};
/* End PBXNativeTarget section */

/* Begin PBXProject section */
		1E05B5F027E5A902002823B4 /* Project object */ = {
			isa = PBXProject;
			attributes = {
				LastSwiftUpdateCheck = 1200;
				LastUpgradeCheck = 1200;
				TargetAttributes = {
					1E05B5F727E5A902002823B4 = {
						CreatedOnToolsVersion = 12.0;
					};
					1E05B60D27E5A904002823B4 = {
						CreatedOnToolsVersion = 12.0;
						TestTargetID = 1E05B5F727E5A902002823B4;
					};
					1E05B61827E5A904002823B4 = {
						CreatedOnToolsVersion = 12.0;
						TestTargetID = 1E05B5F727E5A902002823B4;
					};
				};
			};
			buildConfigurationList = 1E05B5F327E5A902002823B4 /* Build configuration list for PBXProject "Code Challenges" */;
			compatibilityVersion = "Xcode 9.3";
			developmentRegion = en;
			hasScannedForEncodings = 0;
			knownRegions = (
				en,
				Base,
			);
			mainGroup = 1E05B5EF27E5A902002823B4;
			productRefGroup = 1E05B5F927E5A902002823B4 /* Products */;
			projectDirPath = "";
			projectRoot = "";
			targets = (
				1E05B5F727E5A902002823B4 /* Code Challenges */,
				1E05B60D27E5A904002823B4 /* Code ChallengesTests */,
				1E05B61827E5A904002823B4 /* Code ChallengesUITests */,
			);
		};
/* End PBXProject section */

/* Begin PBXResourcesBuildPhase section */
		1E05B5F627E5A902002823B4 /* Resources */ = {
			isa = PBXResourcesBuildPhase;
			buildActionMask = 2147483647;
			files = (
				1E05B60827E5A903002823B4 /* LaunchScreen.storyboard in Resources */,
				1E05B60527E5A903002823B4 /* Assets.xcassets in Resources */,
				1E05B60327E5A902002823B4 /* Main.storyboard in Resources */,
			);
			runOnlyForDeploymentPostprocessing = 0;
		};
		1E05B60C27E5A904002823B4 /* Resources */ = {
			isa = PBXResourcesBuildPhase;
			buildActionMask = 2147483647;
			files = (
			);
			runOnlyForDeploymentPostprocessing = 0;
		};
		1E05B61727E5A904002823B4 /* Resources */ = {
			isa = PBXResourcesBuildPhase;
			buildActionMask = 2147483647;
			files = (
			);
			runOnlyForDeploymentPostprocessing = 0;
		};
/* End PBXResourcesBuildPhase section */

/* Begin PBXSourcesBuildPhase section */
		1E05B5F427E5A902002823B4 /* Sources */ = {
			isa = PBXSourcesBuildPhase;
			buildActionMask = 2147483647;
			files = (
				1E05B63327E5A956002823B4 /* Sock Merchant.swift in Sources */,
				1E05B60027E5A902002823B4 /* ViewController.swift in Sources */,
				1E05B64E27E5AFAD002823B4 /* Counting Valleys.swift in Sources */,
				1E05B5FC27E5A902002823B4 /* AppDelegate.swift in Sources */,
				1E05B5FE27E5A902002823B4 /* SceneDelegate.swift in Sources */,
				1E05B66227E5B788002823B4 /* Jumping On Clouds.swift in Sources */,
			);
			runOnlyForDeploymentPostprocessing = 0;
		};
		1E05B60A27E5A904002823B4 /* Sources */ = {
			isa = PBXSourcesBuildPhase;
			buildActionMask = 2147483647;
			files = (
				1E05B61327E5A904002823B4 /* Code_ChallengesTests.swift in Sources */,
				1E05B67127E5C491002823B4 /* JumpingOnCloudsTests.swift in Sources */,
				1E05B63F27E5AA57002823B4 /* SockMerchantTests.swift in Sources */,
				1E05B65A27E5B630002823B4 /* CountingValleysTests.swift in Sources */,
			);
			runOnlyForDeploymentPostprocessing = 0;
		};
		1E05B61527E5A904002823B4 /* Sources */ = {
			isa = PBXSourcesBuildPhase;
			buildActionMask = 2147483647;
			files = (
				1E05B61E27E5A904002823B4 /* Code_ChallengesUITests.swift in Sources */,
			);
			runOnlyForDeploymentPostprocessing = 0;
		};
/* End PBXSourcesBuildPhase section */

/* Begin PBXTargetDependency section */
		1E05B61027E5A904002823B4 /* PBXTargetDependency */ = {
			isa = PBXTargetDependency;
			target = 1E05B5F727E5A902002823B4 /* Code Challenges */;
			targetProxy = 1E05B60F27E5A904002823B4 /* PBXContainerItemProxy */;
		};
		1E05B61B27E5A904002823B4 /* PBXTargetDependency */ = {
			isa = PBXTargetDependency;
			target = 1E05B5F727E5A902002823B4 /* Code Challenges */;
			targetProxy = 1E05B61A27E5A904002823B4 /* PBXContainerItemProxy */;
		};
/* End PBXTargetDependency section */

/* Begin PBXVariantGroup section */
		1E05B60127E5A902002823B4 /* Main.storyboard */ = {
			isa = PBXVariantGroup;
			children = (
				1E05B60227E5A902002823B4 /* Base */,
			);
			name = Main.storyboard;
			sourceTree = "<group>";
		};
		1E05B60627E5A903002823B4 /* LaunchScreen.storyboard */ = {
			isa = PBXVariantGroup;
			children = (
				1E05B60727E5A903002823B4 /* Base */,
			);
			name = LaunchScreen.storyboard;
			sourceTree = "<group>";
		};
/* End PBXVariantGroup section */

/* Begin XCBuildConfiguration section */
		1E05B62027E5A904002823B4 /* Debug */ = {
			isa = XCBuildConfiguration;
			buildSettings = {
				ALWAYS_SEARCH_USER_PATHS = NO;
				CLANG_ANALYZER_NONNULL = YES;
				CLANG_ANALYZER_NUMBER_OBJECT_CONVERSION = YES_AGGRESSIVE;
				CLANG_CXX_LANGUAGE_STANDARD = "gnu++14";
				CLANG_CXX_LIBRARY = "libc++";
				CLANG_ENABLE_MODULES = YES;
				CLANG_ENABLE_OBJC_ARC = YES;
				CLANG_ENABLE_OBJC_WEAK = YES;
				CLANG_WARN_BLOCK_CAPTURE_AUTORELEASING = YES;
				CLANG_WARN_BOOL_CONVERSION = YES;
				CLANG_WARN_COMMA = YES;
				CLANG_WARN_CONSTANT_CONVERSION = YES;
				CLANG_WARN_DEPRECATED_OBJC_IMPLEMENTATIONS = YES;
				CLANG_WARN_DIRECT_OBJC_ISA_USAGE = YES_ERROR;
				CLANG_WARN_DOCUMENTATION_COMMENTS = YES;
				CLANG_WARN_EMPTY_BODY = YES;
				CLANG_WARN_ENUM_CONVERSION = YES;
				CLANG_WARN_INFINITE_RECURSION = YES;
				CLANG_WARN_INT_CONVERSION = YES;
				CLANG_WARN_NON_LITERAL_NULL_CONVERSION = YES;
				CLANG_WARN_OBJC_IMPLICIT_RETAIN_SELF = YES;
				CLANG_WARN_OBJC_LITERAL_CONVERSION = YES;
				CLANG_WARN_OBJC_ROOT_CLASS = YES_ERROR;
				CLANG_WARN_QUOTED_INCLUDE_IN_FRAMEWORK_HEADER = YES;
				CLANG_WARN_RANGE_LOOP_ANALYSIS = YES;
				CLANG_WARN_STRICT_PROTOTYPES = YES;
				CLANG_WARN_SUSPICIOUS_MOVE = YES;
				CLANG_WARN_UNGUARDED_AVAILABILITY = YES_AGGRESSIVE;
				CLANG_WARN_UNREACHABLE_CODE = YES;
				CLANG_WARN__DUPLICATE_METHOD_MATCH = YES;
				COPY_PHASE_STRIP = NO;
				DEBUG_INFORMATION_FORMAT = dwarf;
				ENABLE_STRICT_OBJC_MSGSEND = YES;
				ENABLE_TESTABILITY = YES;
				GCC_C_LANGUAGE_STANDARD = gnu11;
				GCC_DYNAMIC_NO_PIC = NO;
				GCC_NO_COMMON_BLOCKS = YES;
				GCC_OPTIMIZATION_LEVEL = 0;
				GCC_PREPROCESSOR_DEFINITIONS = (
					"DEBUG=1",
					"$(inherited)",
				);
				GCC_WARN_64_TO_32_BIT_CONVERSION = YES;
				GCC_WARN_ABOUT_RETURN_TYPE = YES_ERROR;
				GCC_WARN_UNDECLARED_SELECTOR = YES;
				GCC_WARN_UNINITIALIZED_AUTOS = YES_AGGRESSIVE;
				GCC_WARN_UNUSED_FUNCTION = YES;
				GCC_WARN_UNUSED_VARIABLE = YES;
				IPHONEOS_DEPLOYMENT_TARGET = 14.0;
				MTL_ENABLE_DEBUG_INFO = INCLUDE_SOURCE;
				MTL_FAST_MATH = YES;
				ONLY_ACTIVE_ARCH = YES;
				SDKROOT = iphoneos;
				SWIFT_ACTIVE_COMPILATION_CONDITIONS = DEBUG;
				SWIFT_OPTIMIZATION_LEVEL = "-Onone";
			};
			name = Debug;
		};
		1E05B62127E5A904002823B4 /* Release */ = {
			isa = XCBuildConfiguration;
			buildSettings = {
				ALWAYS_SEARCH_USER_PATHS = NO;
				CLANG_ANALYZER_NONNULL = YES;
				CLANG_ANALYZER_NUMBER_OBJECT_CONVERSION = YES_AGGRESSIVE;
				CLANG_CXX_LANGUAGE_STANDARD = "gnu++14";
				CLANG_CXX_LIBRARY = "libc++";
				CLANG_ENABLE_MODULES = YES;
				CLANG_ENABLE_OBJC_ARC = YES;
				CLANG_ENABLE_OBJC_WEAK = YES;
				CLANG_WARN_BLOCK_CAPTURE_AUTORELEASING = YES;
				CLANG_WARN_BOOL_CONVERSION = YES;
				CLANG_WARN_COMMA = YES;
				CLANG_WARN_CONSTANT_CONVERSION = YES;
				CLANG_WARN_DEPRECATED_OBJC_IMPLEMENTATIONS = YES;
				CLANG_WARN_DIRECT_OBJC_ISA_USAGE = YES_ERROR;
				CLANG_WARN_DOCUMENTATION_COMMENTS = YES;
				CLANG_WARN_EMPTY_BODY = YES;
				CLANG_WARN_ENUM_CONVERSION = YES;
				CLANG_WARN_INFINITE_RECURSION = YES;
				CLANG_WARN_INT_CONVERSION = YES;
				CLANG_WARN_NON_LITERAL_NULL_CONVERSION = YES;
				CLANG_WARN_OBJC_IMPLICIT_RETAIN_SELF = YES;
				CLANG_WARN_OBJC_LITERAL_CONVERSION = YES;
				CLANG_WARN_OBJC_ROOT_CLASS = YES_ERROR;
				CLANG_WARN_QUOTED_INCLUDE_IN_FRAMEWORK_HEADER = YES;
				CLANG_WARN_RANGE_LOOP_ANALYSIS = YES;
				CLANG_WARN_STRICT_PROTOTYPES = YES;
				CLANG_WARN_SUSPICIOUS_MOVE = YES;
				CLANG_WARN_UNGUARDED_AVAILABILITY = YES_AGGRESSIVE;
				CLANG_WARN_UNREACHABLE_CODE = YES;
				CLANG_WARN__DUPLICATE_METHOD_MATCH = YES;
				COPY_PHASE_STRIP = NO;
				DEBUG_INFORMATION_FORMAT = "dwarf-with-dsym";
				ENABLE_NS_ASSERTIONS = NO;
				ENABLE_STRICT_OBJC_MSGSEND = YES;
				GCC_C_LANGUAGE_STANDARD = gnu11;
				GCC_NO_COMMON_BLOCKS = YES;
				GCC_WARN_64_TO_32_BIT_CONVERSION = YES;
				GCC_WARN_ABOUT_RETURN_TYPE = YES_ERROR;
				GCC_WARN_UNDECLARED_SELECTOR = YES;
				GCC_WARN_UNINITIALIZED_AUTOS = YES_AGGRESSIVE;
				GCC_WARN_UNUSED_FUNCTION = YES;
				GCC_WARN_UNUSED_VARIABLE = YES;
				IPHONEOS_DEPLOYMENT_TARGET = 14.0;
				MTL_ENABLE_DEBUG_INFO = NO;
				MTL_FAST_MATH = YES;
				SDKROOT = iphoneos;
				SWIFT_COMPILATION_MODE = wholemodule;
				SWIFT_OPTIMIZATION_LEVEL = "-O";
				VALIDATE_PRODUCT = YES;
			};
			name = Release;
		};
		1E05B62327E5A904002823B4 /* Debug */ = {
			isa = XCBuildConfiguration;
			buildSettings = {
				ASSETCATALOG_COMPILER_APPICON_NAME = AppIcon;
				ASSETCATALOG_COMPILER_GLOBAL_ACCENT_COLOR_NAME = AccentColor;
				CODE_SIGN_STYLE = Automatic;
				INFOPLIST_FILE = "Code Challenges/Info.plist";
				LD_RUNPATH_SEARCH_PATHS = (
					"$(inherited)",
					"@executable_path/Frameworks",
				);
				PRODUCT_BUNDLE_IDENTIFIER = "com.Code-Challenges";
				PRODUCT_NAME = "$(TARGET_NAME)";
				SWIFT_VERSION = 5.0;
				TARGETED_DEVICE_FAMILY = "1,2";
			};
			name = Debug;
		};
		1E05B62427E5A904002823B4 /* Release */ = {
			isa = XCBuildConfiguration;
			buildSettings = {
				ASSETCATALOG_COMPILER_APPICON_NAME = AppIcon;
				ASSETCATALOG_COMPILER_GLOBAL_ACCENT_COLOR_NAME = AccentColor;
				CODE_SIGN_STYLE = Automatic;
				INFOPLIST_FILE = "Code Challenges/Info.plist";
				LD_RUNPATH_SEARCH_PATHS = (
					"$(inherited)",
					"@executable_path/Frameworks",
				);
				PRODUCT_BUNDLE_IDENTIFIER = "com.Code-Challenges";
				PRODUCT_NAME = "$(TARGET_NAME)";
				SWIFT_VERSION = 5.0;
				TARGETED_DEVICE_FAMILY = "1,2";
			};
			name = Release;
		};
		1E05B62627E5A904002823B4 /* Debug */ = {
			isa = XCBuildConfiguration;
			buildSettings = {
				ALWAYS_EMBED_SWIFT_STANDARD_LIBRARIES = YES;
				BUNDLE_LOADER = "$(TEST_HOST)";
				CODE_SIGN_STYLE = Automatic;
				INFOPLIST_FILE = "Code ChallengesTests/Info.plist";
				IPHONEOS_DEPLOYMENT_TARGET = 14.0;
				LD_RUNPATH_SEARCH_PATHS = (
					"$(inherited)",
					"@executable_path/Frameworks",
					"@loader_path/Frameworks",
				);
				PRODUCT_BUNDLE_IDENTIFIER = "com.Code-ChallengesTests";
				PRODUCT_NAME = "$(TARGET_NAME)";
				SWIFT_VERSION = 5.0;
				TARGETED_DEVICE_FAMILY = "1,2";
				TEST_HOST = "$(BUILT_PRODUCTS_DIR)/Code Challenges.app/Code Challenges";
			};
			name = Debug;
		};
		1E05B62727E5A904002823B4 /* Release */ = {
			isa = XCBuildConfiguration;
			buildSettings = {
				ALWAYS_EMBED_SWIFT_STANDARD_LIBRARIES = YES;
				BUNDLE_LOADER = "$(TEST_HOST)";
				CODE_SIGN_STYLE = Automatic;
				INFOPLIST_FILE = "Code ChallengesTests/Info.plist";
				IPHONEOS_DEPLOYMENT_TARGET = 14.0;
				LD_RUNPATH_SEARCH_PATHS = (
					"$(inherited)",
					"@executable_path/Frameworks",
					"@loader_path/Frameworks",
				);
				PRODUCT_BUNDLE_IDENTIFIER = "com.Code-ChallengesTests";
				PRODUCT_NAME = "$(TARGET_NAME)";
				SWIFT_VERSION = 5.0;
				TARGETED_DEVICE_FAMILY = "1,2";
				TEST_HOST = "$(BUILT_PRODUCTS_DIR)/Code Challenges.app/Code Challenges";
			};
			name = Release;
		};
		1E05B62927E5A904002823B4 /* Debug */ = {
			isa = XCBuildConfiguration;
			buildSettings = {
				ALWAYS_EMBED_SWIFT_STANDARD_LIBRARIES = YES;
				CODE_SIGN_STYLE = Automatic;
				INFOPLIST_FILE = "Code ChallengesUITests/Info.plist";
				LD_RUNPATH_SEARCH_PATHS = (
					"$(inherited)",
					"@executable_path/Frameworks",
					"@loader_path/Frameworks",
				);
				PRODUCT_BUNDLE_IDENTIFIER = "com.Code-ChallengesUITests";
				PRODUCT_NAME = "$(TARGET_NAME)";
				SWIFT_VERSION = 5.0;
				TARGETED_DEVICE_FAMILY = "1,2";
				TEST_TARGET_NAME = "Code Challenges";
			};
			name = Debug;
		};
		1E05B62A27E5A904002823B4 /* Release */ = {
			isa = XCBuildConfiguration;
			buildSettings = {
				ALWAYS_EMBED_SWIFT_STANDARD_LIBRARIES = YES;
				CODE_SIGN_STYLE = Automatic;
				INFOPLIST_FILE = "Code ChallengesUITests/Info.plist";
				LD_RUNPATH_SEARCH_PATHS = (
					"$(inherited)",
					"@executable_path/Frameworks",
					"@loader_path/Frameworks",
				);
				PRODUCT_BUNDLE_IDENTIFIER = "com.Code-ChallengesUITests";
				PRODUCT_NAME = "$(TARGET_NAME)";
				SWIFT_VERSION = 5.0;
				TARGETED_DEVICE_FAMILY = "1,2";
				TEST_TARGET_NAME = "Code Challenges";
			};
			name = Release;
		};
/* End XCBuildConfiguration section */

/* Begin XCConfigurationList section */
		1E05B5F327E5A902002823B4 /* Build configuration list for PBXProject "Code Challenges" */ = {
			isa = XCConfigurationList;
			buildConfigurations = (
				1E05B62027E5A904002823B4 /* Debug */,
				1E05B62127E5A904002823B4 /* Release */,
			);
			defaultConfigurationIsVisible = 0;
			defaultConfigurationName = Release;
		};
		1E05B62227E5A904002823B4 /* Build configuration list for PBXNativeTarget "Code Challenges" */ = {
			isa = XCConfigurationList;
			buildConfigurations = (
				1E05B62327E5A904002823B4 /* Debug */,
				1E05B62427E5A904002823B4 /* Release */,
			);
			defaultConfigurationIsVisible = 0;
			defaultConfigurationName = Release;
		};
		1E05B62527E5A904002823B4 /* Build configuration list for PBXNativeTarget "Code ChallengesTests" */ = {
			isa = XCConfigurationList;
			buildConfigurations = (
				1E05B62627E5A904002823B4 /* Debug */,
				1E05B62727E5A904002823B4 /* Release */,
			);
			defaultConfigurationIsVisible = 0;
			defaultConfigurationName = Release;
		};
		1E05B62827E5A904002823B4 /* Build configuration list for PBXNativeTarget "Code ChallengesUITests" */ = {
			isa = XCConfigurationList;
			buildConfigurations = (
				1E05B62927E5A904002823B4 /* Debug */,
				1E05B62A27E5A904002823B4 /* Release */,
			);
			defaultConfigurationIsVisible = 0;
			defaultConfigurationName = Release;
		};
/* End XCConfigurationList section */
	};
	rootObject = 1E05B5F027E5A902002823B4 /* Project object */;
}
